// !$*UTF8*$!
{
	archiveVersion = 1;
	classes = {
	};
	objectVersion = 46;
	objects = {

/* Begin PBXBuildFile section */
		50EDDCE6190AD70600798DDC /* Foundation.framework in Frameworks */ = {isa = PBXBuildFile; fileRef = 50EDDCE5190AD70600798DDC /* Foundation.framework */; };
		50EDDCE8190AD70600798DDC /* CoreGraphics.framework in Frameworks */ = {isa = PBXBuildFile; fileRef = 50EDDCE7190AD70600798DDC /* CoreGraphics.framework */; };
		50EDDCEA190AD70600798DDC /* UIKit.framework in Frameworks */ = {isa = PBXBuildFile; fileRef = 50EDDCE9190AD70600798DDC /* UIKit.framework */; };
		50EDDCF0190AD70600798DDC /* InfoPlist.strings in Resources */ = {isa = PBXBuildFile; fileRef = 50EDDCEE190AD70600798DDC /* InfoPlist.strings */; };
		50EDDCF2190AD70600798DDC /* main.m in Sources */ = {isa = PBXBuildFile; fileRef = 50EDDCF1190AD70600798DDC /* main.m */; };
		50EDDCF6190AD70600798DDC /* XYZAppDelegate.m in Sources */ = {isa = PBXBuildFile; fileRef = 50EDDCF5190AD70600798DDC /* XYZAppDelegate.m */; };
		50EDDCF8190AD70600798DDC /* Images.xcassets in Resources */ = {isa = PBXBuildFile; fileRef = 50EDDCF7190AD70600798DDC /* Images.xcassets */; };
		50EDDCFF190AD70600798DDC /* XCTest.framework in Frameworks */ = {isa = PBXBuildFile; fileRef = 50EDDCFE190AD70600798DDC /* XCTest.framework */; };
		50EDDD00190AD70600798DDC /* Foundation.framework in Frameworks */ = {isa = PBXBuildFile; fileRef = 50EDDCE5190AD70600798DDC /* Foundation.framework */; };
		50EDDD01190AD70600798DDC /* UIKit.framework in Frameworks */ = {isa = PBXBuildFile; fileRef = 50EDDCE9190AD70600798DDC /* UIKit.framework */; };
		50EDDD09190AD70600798DDC /* InfoPlist.strings in Resources */ = {isa = PBXBuildFile; fileRef = 50EDDD07190AD70600798DDC /* InfoPlist.strings */; };
		50EDDD0B190AD70600798DDC /* ToDoListTests.m in Sources */ = {isa = PBXBuildFile; fileRef = 50EDDD0A190AD70600798DDC /* ToDoListTests.m */; };
/* End PBXBuildFile section */

/* Begin PBXContainerItemProxy section */
		50EDDD02190AD70600798DDC /* PBXContainerItemProxy */ = {
			isa = PBXContainerItemProxy;
			containerPortal = 50EDDCDA190AD70600798DDC /* Project object */;
			proxyType = 1;
			remoteGlobalIDString = 50EDDCE1190AD70600798DDC;
			remoteInfo = ToDoList;
		};
/* End PBXContainerItemProxy section */

/* Begin PBXFileReference section */
		50EDDCE2190AD70600798DDC /* ToDoList.app */ = {isa = PBXFileReference; explicitFileType = wrapper.application; includeInIndex = 0; path = ToDoList.app; sourceTree = BUILT_PRODUCTS_DIR; };
		50EDDCE5190AD70600798DDC /* Foundation.framework */ = {isa = PBXFileReference; lastKnownFileType = wrapper.framework; name = Foundation.framework; path = System/Library/Frameworks/Foundation.framework; sourceTree = SDKROOT; };
		50EDDCE7190AD70600798DDC /* CoreGraphics.framework */ = {isa = PBXFileReference; lastKnownFileType = wrapper.framework; name = CoreGraphics.framework; path = System/Library/Frameworks/CoreGraphics.framework; sourceTree = SDKROOT; };
		50EDDCE9190AD70600798DDC /* UIKit.framework */ = {isa = PBXFileReference; lastKnownFileType = wrapper.framework; name = UIKit.framework; path = System/Library/Frameworks/UIKit.framework; sourceTree = SDKROOT; };
		50EDDCED190AD70600798DDC /* ToDoList-Info.plist */ = {isa = PBXFileReference; lastKnownFileType = text.plist.xml; path = "ToDoList-Info.plist"; sourceTree = "<group>"; };
		50EDDCEF190AD70600798DDC /* en */ = {isa = PBXFileReference; lastKnownFileType = text.plist.strings; name = en; path = en.lproj/InfoPlist.strings; sourceTree = "<group>"; };
		50EDDCF1190AD70600798DDC /* main.m */ = {isa = PBXFileReference; lastKnownFileType = sourcecode.c.objc; path = main.m; sourceTree = "<group>"; };
		50EDDCF3190AD70600798DDC /* ToDoList-Prefix.pch */ = {isa = PBXFileReference; lastKnownFileType = sourcecode.c.h; path = "ToDoList-Prefix.pch"; sourceTree = "<group>"; };
		50EDDCF4190AD70600798DDC /* XYZAppDelegate.h */ = {isa = PBXFileReference; lastKnownFileType = sourcecode.c.h; path = XYZAppDelegate.h; sourceTree = "<group>"; };
		50EDDCF5190AD70600798DDC /* XYZAppDelegate.m */ = {isa = PBXFileReference; lastKnownFileType = sourcecode.c.objc; path = XYZAppDelegate.m; sourceTree = "<group>"; };
		50EDDCF7190AD70600798DDC /* Images.xcassets */ = {isa = PBXFileReference; lastKnownFileType = folder.assetcatalog; path = Images.xcassets; sourceTree = "<group>"; };
		50EDDCFD190AD70600798DDC /* ToDoListTests.xctest */ = {isa = PBXFileReference; explicitFileType = wrapper.cfbundle; includeInIndex = 0; path = ToDoListTests.xctest; sourceTree = BUILT_PRODUCTS_DIR; };
		50EDDCFE190AD70600798DDC /* XCTest.framework */ = {isa = PBXFileReference; lastKnownFileType = wrapper.framework; name = XCTest.framework; path = Library/Frameworks/XCTest.framework; sourceTree = DEVELOPER_DIR; };
		50EDDD06190AD70600798DDC /* ToDoListTests-Info.plist */ = {isa = PBXFileReference; lastKnownFileType = text.plist.xml; path = "ToDoListTests-Info.plist"; sourceTree = "<group>"; };
		50EDDD08190AD70600798DDC /* en */ = {isa = PBXFileReference; lastKnownFileType = text.plist.strings; name = en; path = en.lproj/InfoPlist.strings; sourceTree = "<group>"; };
		50EDDD0A190AD70600798DDC /* ToDoListTests.m */ = {isa = PBXFileReference; lastKnownFileType = sourcecode.c.objc; path = ToDoListTests.m; sourceTree = "<group>"; };
/* End PBXFileReference section */

/* Begin PBXFrameworksBuildPhase section */
		50EDDCDF190AD70600798DDC /* Frameworks */ = {
			isa = PBXFrameworksBuildPhase;
			buildActionMask = 2147483647;
			files = (
				50EDDCE8190AD70600798DDC /* CoreGraphics.framework in Frameworks */,
				50EDDCEA190AD70600798DDC /* UIKit.framework in Frameworks */,
				50EDDCE6190AD70600798DDC /* Foundation.framework in Frameworks */,
			);
			runOnlyForDeploymentPostprocessing = 0;
		};
		50EDDCFA190AD70600798DDC /* Frameworks */ = {
			isa = PBXFrameworksBuildPhase;
			buildActionMask = 2147483647;
			files = (
				50EDDCFF190AD70600798DDC /* XCTest.framework in Frameworks */,
				50EDDD01190AD70600798DDC /* UIKit.framework in Frameworks */,
				50EDDD00190AD70600798DDC /* Foundation.framework in Frameworks */,
			);
			runOnlyForDeploymentPostprocessing = 0;
		};
/* End PBXFrameworksBuildPhase section */

/* Begin PBXGroup section */
		50EDDCD9190AD70600798DDC = {
			isa = PBXGroup;
			children = (
				50EDDCEB190AD70600798DDC /* ToDoList */,
				50EDDD04190AD70600798DDC /* ToDoListTests */,
				50EDDCE4190AD70600798DDC /* Frameworks */,
				50EDDCE3190AD70600798DDC /* Products */,
			);
			sourceTree = "<group>";
		};
		50EDDCE3190AD70600798DDC /* Products */ = {
			isa = PBXGroup;
			children = (
				50EDDCE2190AD70600798DDC /* ToDoList.app */,
				50EDDCFD190AD70600798DDC /* ToDoListTests.xctest */,
			);
			name = Products;
			sourceTree = "<group>";
		};
		50EDDCE4190AD70600798DDC /* Frameworks */ = {
			isa = PBXGroup;
			children = (
				50EDDCE5190AD70600798DDC /* Foundation.framework */,
				50EDDCE7190AD70600798DDC /* CoreGraphics.framework */,
				50EDDCE9190AD70600798DDC /* UIKit.framework */,
				50EDDCFE190AD70600798DDC /* XCTest.framework */,
			);
			name = Frameworks;
			sourceTree = "<group>";
		};
		50EDDCEB190AD70600798DDC /* ToDoList */ = {
			isa = PBXGroup;
			children = (
				50EDDCF4190AD70600798DDC /* XYZAppDelegate.h */,
				50EDDCF5190AD70600798DDC /* XYZAppDelegate.m */,
				50EDDCF7190AD70600798DDC /* Images.xcassets */,
				50EDDCEC190AD70600798DDC /* Supporting Files */,
			);
			path = ToDoList;
			sourceTree = "<group>";
		};
		50EDDCEC190AD70600798DDC /* Supporting Files */ = {
			isa = PBXGroup;
			children = (
				50EDDCED190AD70600798DDC /* ToDoList-Info.plist */,
				50EDDCEE190AD70600798DDC /* InfoPlist.strings */,
				50EDDCF1190AD70600798DDC /* main.m */,
				50EDDCF3190AD70600798DDC /* ToDoList-Prefix.pch */,
			);
			name = "Supporting Files";
			sourceTree = "<group>";
		};
		50EDDD04190AD70600798DDC /* ToDoListTests */ = {
			isa = PBXGroup;
			children = (
				50EDDD0A190AD70600798DDC /* ToDoListTests.m */,
				50EDDD05190AD70600798DDC /* Supporting Files */,
			);
			path = ToDoListTests;
			sourceTree = "<group>";
		};
		50EDDD05190AD70600798DDC /* Supporting Files */ = {
			isa = PBXGroup;
			children = (
				50EDDD06190AD70600798DDC /* ToDoListTests-Info.plist */,
				50EDDD07190AD70600798DDC /* InfoPlist.strings */,
			);
			name = "Supporting Files";
			sourceTree = "<group>";
		};
/* End PBXGroup section */

/* Begin PBXNativeTarget section */
		50EDDCE1190AD70600798DDC /* ToDoList */ = {
			isa = PBXNativeTarget;
			buildConfigurationList = 50EDDD0E190AD70600798DDC /* Build configuration list for PBXNativeTarget "ToDoList" */;
			buildPhases = (
				50EDDCDE190AD70600798DDC /* Sources */,
				50EDDCDF190AD70600798DDC /* Frameworks */,
				50EDDCE0190AD70600798DDC /* Resources */,
			);
			buildRules = (
			);
			dependencies = (
			);
			name = ToDoList;
			productName = ToDoList;
			productReference = 50EDDCE2190AD70600798DDC /* ToDoList.app */;
			productType = "com.apple.product-type.application";
		};
		50EDDCFC190AD70600798DDC /* ToDoListTests */ = {
			isa = PBXNativeTarget;
			buildConfigurationList = 50EDDD11190AD70600798DDC /* Build configuration list for PBXNativeTarget "ToDoListTests" */;
			buildPhases = (
				50EDDCF9190AD70600798DDC /* Sources */,
				50EDDCFA190AD70600798DDC /* Frameworks */,
				50EDDCFB190AD70600798DDC /* Resources */,
			);
			buildRules = (
			);
			dependencies = (
				50EDDD03190AD70600798DDC /* PBXTargetDependency */,
			);
			name = ToDoListTests;
			productName = ToDoListTests;
			productReference = 50EDDCFD190AD70600798DDC /* ToDoListTests.xctest */;
			productType = "com.apple.product-type.bundle.unit-test";
		};
/* End PBXNativeTarget section */

/* Begin PBXProject section */
		50EDDCDA190AD70600798DDC /* Project object */ = {
			isa = PBXProject;
			attributes = {
				CLASSPREFIX = XYZ;
				LastUpgradeCheck = 0510;
				ORGANIZATIONNAME = "Max Boytsov";
				TargetAttributes = {
					50EDDCFC190AD70600798DDC = {
						TestTargetID = 50EDDCE1190AD70600798DDC;
					};
				};
			};
			buildConfigurationList = 50EDDCDD190AD70600798DDC /* Build configuration list for PBXProject "ToDoList" */;
			compatibilityVersion = "Xcode 3.2";
			developmentRegion = English;
			hasScannedForEncodings = 0;
			knownRegions = (
				en,
			);
			mainGroup = 50EDDCD9190AD70600798DDC;
			productRefGroup = 50EDDCE3190AD70600798DDC /* Products */;
			projectDirPath = "";
			projectRoot = "";
			targets = (
				50EDDCE1190AD70600798DDC /* ToDoList */,
				50EDDCFC190AD70600798DDC /* ToDoListTests */,
			);
		};
/* End PBXProject section */

/* Begin PBXResourcesBuildPhase section */
		50EDDCE0190AD70600798DDC /* Resources */ = {
			isa = PBXResourcesBuildPhase;
			buildActionMask = 2147483647;
			files = (
				50EDDCF0190AD70600798DDC /* InfoPlist.strings in Resources */,
				50EDDCF8190AD70600798DDC /* Images.xcassets in Resources */,
			);
			runOnlyForDeploymentPostprocessing = 0;
		};
		50EDDCFB190AD70600798DDC /* Resources */ = {
			isa = PBXResourcesBuildPhase;
			buildActionMask = 2147483647;
			files = (
				50EDDD09190AD70600798DDC /* InfoPlist.strings in Resources */,
			);
			runOnlyForDeploymentPostprocessing = 0;
		};
/* End PBXResourcesBuildPhase section */

/* Begin PBXSourcesBuildPhase section */
		50EDDCDE190AD70600798DDC /* Sources */ = {
			isa = PBXSourcesBuildPhase;
			buildActionMask = 2147483647;
			files = (
				50EDDCF6190AD70600798DDC /* XYZAppDelegate.m in Sources */,
				50EDDCF2190AD70600798DDC /* main.m in Sources */,
			);
			runOnlyForDeploymentPostprocessing = 0;
		};
		50EDDCF9190AD70600798DDC /* Sources */ = {
			isa = PBXSourcesBuildPhase;
			buildActionMask = 2147483647;
			files = (
				50EDDD0B190AD70600798DDC /* ToDoListTests.m in Sources */,
			);
			runOnlyForDeploymentPostprocessing = 0;
		};
/* End PBXSourcesBuildPhase section */

/* Begin PBXTargetDependency section */
		50EDDD03190AD70600798DDC /* PBXTargetDependency */ = {
			isa = PBXTargetDependency;
			target = 50EDDCE1190AD70600798DDC /* ToDoList */;
			targetProxy = 50EDDD02190AD70600798DDC /* PBXContainerItemProxy */;
		};
/* End PBXTargetDependency section */

/* Begin PBXVariantGroup section */
		50EDDCEE190AD70600798DDC /* InfoPlist.strings */ = {
			isa = PBXVariantGroup;
			children = (
				50EDDCEF190AD70600798DDC /* en */,
			);
			name = InfoPlist.strings;
			sourceTree = "<group>";
		};
		50EDDD07190AD70600798DDC /* InfoPlist.strings */ = {
			isa = PBXVariantGroup;
			children = (
				50EDDD08190AD70600798DDC /* en */,
			);
			name = InfoPlist.strings;
			sourceTree = "<group>";
		};
/* End PBXVariantGroup section */

/* Begin XCBuildConfiguration section */
		50EDDD0C190AD70600798DDC /* Debug */ = {
			isa = XCBuildConfiguration;
			buildSettings = {
				ALWAYS_SEARCH_USER_PATHS = NO;
				CLANG_CXX_LANGUAGE_STANDARD = "gnu++0x";
				CLANG_CXX_LIBRARY = "libc++";
				CLANG_ENABLE_MODULES = YES;
				CLANG_ENABLE_OBJC_ARC = YES;
				CLANG_WARN_BOOL_CONVERSION = YES;
				CLANG_WARN_CONSTANT_CONVERSION = YES;
				CLANG_WARN_DIRECT_OBJC_ISA_USAGE = YES_ERROR;
				CLANG_WARN_EMPTY_BODY = YES;
				CLANG_WARN_ENUM_CONVERSION = YES;
				CLANG_WARN_INT_CONVERSION = YES;
				CLANG_WARN_OBJC_ROOT_CLASS = YES_ERROR;
				CLANG_WARN__DUPLICATE_METHOD_MATCH = YES;
				"CODE_SIGN_IDENTITY[sdk=iphoneos*]" = "iPhone Developer";
				COPY_PHASE_STRIP = NO;
				GCC_C_LANGUAGE_STANDARD = gnu99;
				GCC_DYNAMIC_NO_PIC = NO;
				GCC_OPTIMIZATION_LEVEL = 0;
				GCC_PREPROCESSOR_DEFINITIONS = (
					"DEBUG=1",
					"$(inherited)",
				);
				GCC_SYMBOLS_PRIVATE_EXTERN = NO;
				GCC_WARN_64_TO_32_BIT_CONVERSION = YES;
				GCC_WARN_ABOUT_RETURN_TYPE = YES_ERROR;
				GCC_WARN_UNDECLARED_SELECTOR = YES;
				GCC_WARN_UNINITIALIZED_AUTOS = YES_AGGRESSIVE;
				GCC_WARN_UNUSED_FUNCTION = YES;
				GCC_WARN_UNUSED_VARIABLE = YES;
				IPHONEOS_DEPLOYMENT_TARGET = 7.1;
				ONLY_ACTIVE_ARCH = YES;
				SDKROOT = iphoneos;
			};
			name = Debug;
		};
		50EDDD0D190AD70600798DDC /* Release */ = {
			isa = XCBuildConfiguration;
			buildSettings = {
				ALWAYS_SEARCH_USER_PATHS = NO;
				CLANG_CXX_LANGUAGE_STANDARD = "gnu++0x";
				CLANG_CXX_LIBRARY = "libc++";
				CLANG_ENABLE_MODULES = YES;
				CLANG_ENABLE_OBJC_ARC = YES;
				CLANG_WARN_BOOL_CONVERSION = YES;
				CLANG_WARN_CONSTANT_CONVERSION = YES;
				CLANG_WARN_DIRECT_OBJC_ISA_USAGE = YES_ERROR;
				CLANG_WARN_EMPTY_BODY = YES;
				CLANG_WARN_ENUM_CONVERSION = YES;
				CLANG_WARN_INT_CONVERSION = YES;
				CLANG_WARN_OBJC_ROOT_CLASS = YES_ERROR;
				CLANG_WARN__DUPLICATE_METHOD_MATCH = YES;
				"CODE_SIGN_IDENTITY[sdk=iphoneos*]" = "iPhone Developer";
				COPY_PHASE_STRIP = YES;
				ENABLE_NS_ASSERTIONS = NO;
				GCC_C_LANGUAGE_STANDARD = gnu99;
				GCC_WARN_64_TO_32_BIT_CONVERSION = YES;
				GCC_WARN_ABOUT_RETURN_TYPE = YES_ERROR;
				GCC_WARN_UNDECLARED_SELECTOR = YES;
				GCC_WARN_UNINITIALIZED_AUTOS = YES_AGGRESSIVE;
				GCC_WARN_UNUSED_FUNCTION = YES;
				GCC_WARN_UNUSED_VARIABLE = YES;
				IPHONEOS_DEPLOYMENT_TARGET = 7.1;
				SDKROOT = iphoneos;
				VALIDATE_PRODUCT = YES;
			};
			name = Release;
		};
		50EDDD0F190AD70600798DDC /* Debug */ = {
			isa = XCBuildConfiguration;
			buildSettings = {
				ASSETCATALOG_COMPILER_APPICON_NAME = AppIcon;
				ASSETCATALOG_COMPILER_LAUNCHIMAGE_NAME = LaunchImage;
				GCC_PRECOMPILE_PREFIX_HEADER = YES;
				GCC_PREFIX_HEADER = "ToDoList/ToDoList-Prefix.pch";
				INFOPLIST_FILE = "ToDoList/ToDoList-Info.plist";
				PRODUCT_NAME = "$(TARGET_NAME)";
				WRAPPER_EXTENSION = app;
			};
			name = Debug;
		};
		50EDDD10190AD70600798DDC /* Release */ = {
			isa = XCBuildConfiguration;
			buildSettings = {
				ASSETCATALOG_COMPILER_APPICON_NAME = AppIcon;
				ASSETCATALOG_COMPILER_LAUNCHIMAGE_NAME = LaunchImage;
				GCC_PRECOMPILE_PREFIX_HEADER = YES;
				GCC_PREFIX_HEADER = "ToDoList/ToDoList-Prefix.pch";
				INFOPLIST_FILE = "ToDoList/ToDoList-Info.plist";
				PRODUCT_NAME = "$(TARGET_NAME)";
				WRAPPER_EXTENSION = app;
			};
			name = Release;
		};
		50EDDD12190AD70600798DDC /* Debug */ = {
			isa = XCBuildConfiguration;
			buildSettings = {
				BUNDLE_LOADER = "$(BUILT_PRODUCTS_DIR)/ToDoList.app/ToDoList";
				FRAMEWORK_SEARCH_PATHS = (
					"$(SDKROOT)/Developer/Library/Frameworks",
					"$(inherited)",
					"$(DEVELOPER_FRAMEWORKS_DIR)",
				);
				GCC_PRECOMPILE_PREFIX_HEADER = YES;
				GCC_PREFIX_HEADER = "ToDoList/ToDoList-Prefix.pch";
				GCC_PREPROCESSOR_DEFINITIONS = (
					"DEBUG=1",
					"$(inherited)",
				);
				INFOPLIST_FILE = "ToDoListTests/ToDoListTests-Info.plist";
				PRODUCT_NAME = "$(TARGET_NAME)";
				TEST_HOST = "$(BUNDLE_LOADER)";
				WRAPPER_EXTENSION = xctest;
			};
			name = Debug;
		};
		50EDDD13190AD70600798DDC /* Release */ = {
			isa = XCBuildConfiguration;
			buildSettings = {
				BUNDLE_LOADER = "$(BUILT_PRODUCTS_DIR)/ToDoList.app/ToDoList";
				FRAMEWORK_SEARCH_PATHS = (
					"$(SDKROOT)/Developer/Library/Frameworks",
					"$(inherited)",
					"$(DEVELOPER_FRAMEWORKS_DIR)",
				);
				GCC_PRECOMPILE_PREFIX_HEADER = YES;
				GCC_PREFIX_HEADER = "ToDoList/ToDoList-Prefix.pch";
				INFOPLIST_FILE = "ToDoListTests/ToDoListTests-Info.plist";
				PRODUCT_NAME = "$(TARGET_NAME)";
				TEST_HOST = "$(BUNDLE_LOADER)";
				WRAPPER_EXTENSION = xctest;
			};
			name = Release;
		};
/* End XCBuildConfiguration section */

/* Begin XCConfigurationList section */
		50EDDCDD190AD70600798DDC /* Build configuration list for PBXProject "ToDoList" */ = {
			isa = XCConfigurationList;
			buildConfigurations = (
				50EDDD0C190AD70600798DDC /* Debug */,
				50EDDD0D190AD70600798DDC /* Release */,
			);
			defaultConfigurationIsVisible = 0;
			defaultConfigurationName = Release;
		};
		50EDDD0E190AD70600798DDC /* Build configuration list for PBXNativeTarget "ToDoList" */ = {
			isa = XCConfigurationList;
			buildConfigurations = (
				50EDDD0F190AD70600798DDC /* Debug */,
				50EDDD10190AD70600798DDC /* Release */,
			);
			defaultConfigurationIsVisible = 0;
		};
		50EDDD11190AD70600798DDC /* Build configuration list for PBXNativeTarget "ToDoListTests" */ = {
			isa = XCConfigurationList;
			buildConfigurations = (
				50EDDD12190AD70600798DDC /* Debug */,
				50EDDD13190AD70600798DDC /* Release */,
			);
			defaultConfigurationIsVisible = 0;
		};
/* End XCConfigurationList section */
	};
	rootObject = 50EDDCDA190AD70600798DDC /* Project object */;
}
